
Microsoft Visual Studio Solution File, Format Version 12.00
# Visual Studio Version 16
VisualStudioVersion = 16.0.30907.101
MinimumVisualStudioVersion = 10.0.40219.1
Project("{FAE04EC0-301F-11D3-BF4B-00C04F79EFBC}") = "FileEncrypter", "FileEncrypter.csproj", "{D2842D8C-79EE-443D-9432-D99F0C9EC635}"
EndProject
Global
	GlobalSection(SolutionConfigurationPlatforms) = preSolution
		Debug|Any CPU = Debug|Any CPU
		Release|Any CPU = Release|Any CPU
	EndGlobalSection
	GlobalSection(ProjectConfigurationPlatforms) = postSolution
		{D2842D8C-79EE-443D-9432-D99F0C9EC635}.Debug|Any CPU.ActiveCfg = Debug|Any CPU
		{D2842D8C-79EE-443D-9432-D99F0C9EC635}.Debug|Any CPU.Build.0 = Debug|Any CPU
		{D2842D8C-79EE-443D-9432-D99F0C9EC635}.Release|Any CPU.ActiveCfg = Release|Any CPU
		{D2842D8C-79EE-443D-9432-D99F0C9EC635}.Release|Any CPU.Build.0 = Release|Any CPU
	EndGlobalSection
	GlobalSection(SolutionProperties) = preSolution
		HideSolutionNode = FALSE
	EndGlobalSection
	GlobalSection(ExtensibilityGlobals) = postSolution
		SolutionGuid = {3D0B7827-8107-46B9-8CF0-66169D363285}
	EndGlobalSection
EndGlobal
